
Microsoft Visual Studio Solution File, Format Version 12.00
# Visual Studio Version 17
VisualStudioVersion = 17.8.34309.116
MinimumVisualStudioVersion = 10.0.40219.1
Project("{9A19103F-16F7-4668-BE54-9A1E7A4F7556}") = "ForAccountRecords.Api", "ForAccountRecords.Api\ForAccountRecords.Api.csproj", "{DC879D7B-C578-4D56-A531-C1F0FF2D249D}"
EndProject
Project("{9A19103F-16F7-4668-BE54-9A1E7A4F7556}") = "ForAccountRecords.Domain", "ForAccountRecords.Domain\ForAccountRecords.Domain.csproj", "{8B0B9B26-66A8-47F3-BC6F-471FD4CB2923}"
EndProject
Project("{9A19103F-16F7-4668-BE54-9A1E7A4F7556}") = "ForAccountRecords.Application", "ForAccountRecords.Application\ForAccountRecords.Application.csproj", "{0C3FB2FD-415F-4E9F-A80A-40015AF79CAB}"
EndProject
Project("{9A19103F-16F7-4668-BE54-9A1E7A4F7556}") = "ForAccountRecords.Infrastructure", "ForAccountRecords.Infrastructure\ForAccountRecords.Infrastructure.csproj", "{9D7A3FA4-BA24-419C-BB9D-B3AC63774924}"
EndProject
Project("{2150E333-8FDC-42A3-9474-1A3956D46DE8}") = "Core", "Core", "{ACFD283C-5A37-4420-A4D8-5AFAC8CE747D}"
EndProject
Project("{2150E333-8FDC-42A3-9474-1A3956D46DE8}") = "Presentation", "Presentation", "{84A8E955-EDF1-426B-9030-BB34FFEC2BCB}"
EndProject
Project("{2150E333-8FDC-42A3-9474-1A3956D46DE8}") = "Web", "Web", "{0B83243C-42CB-443D-9450-2646B56F7E74}"
EndProject
Project("{2150E333-8FDC-42A3-9474-1A3956D46DE8}") = "App", "App", "{9A3D402E-86F1-416D-B1C8-8F376869DCA2}"
EndProject
Project("{9A19103F-16F7-4668-BE54-9A1E7A4F7556}") = "ForAccountRecords.ApiConsuption", "ForAccountRecords.ApiConsuption\ForAccountRecords.ApiConsuption.csproj", "{BD11122F-B231-442A-B0BC-1C048B215970}"
EndProject
Project("{9A19103F-16F7-4668-BE54-9A1E7A4F7556}") = "ForAccountRecords.Base", "ForAccountRecords.Base\ForAccountRecords.Base.csproj", "{17E7AB21-A7CA-46F8-8C52-6E0835EA8CC2}"
EndProject
Project("{9A19103F-16F7-4668-BE54-9A1E7A4F7556}") = "ForAccountRecords.Portal", "ForAccountRecords.Portal\ForAccountRecords.Portal.csproj", "{026E7001-352C-47BA-AFAA-EE31B225AF8F}"
EndProject
Global
	GlobalSection(SolutionConfigurationPlatforms) = preSolution
		Debug|Any CPU = Debug|Any CPU
		Release|Any CPU = Release|Any CPU
	EndGlobalSection
	GlobalSection(ProjectConfigurationPlatforms) = postSolution
		{DC879D7B-C578-4D56-A531-C1F0FF2D249D}.Debug|Any CPU.ActiveCfg = Debug|Any CPU
		{DC879D7B-C578-4D56-A531-C1F0FF2D249D}.Debug|Any CPU.Build.0 = Debug|Any CPU
		{DC879D7B-C578-4D56-A531-C1F0FF2D249D}.Release|Any CPU.ActiveCfg = Release|Any CPU
		{DC879D7B-C578-4D56-A531-C1F0FF2D249D}.Release|Any CPU.Build.0 = Release|Any CPU
		{8B0B9B26-66A8-47F3-BC6F-471FD4CB2923}.Debug|Any CPU.ActiveCfg = Debug|Any CPU
		{8B0B9B26-66A8-47F3-BC6F-471FD4CB2923}.Debug|Any CPU.Build.0 = Debug|Any CPU
		{8B0B9B26-66A8-47F3-BC6F-471FD4CB2923}.Release|Any CPU.ActiveCfg = Release|Any CPU
		{8B0B9B26-66A8-47F3-BC6F-471FD4CB2923}.Release|Any CPU.Build.0 = Release|Any CPU
		{0C3FB2FD-415F-4E9F-A80A-40015AF79CAB}.Debug|Any CPU.ActiveCfg = Debug|Any CPU
		{0C3FB2FD-415F-4E9F-A80A-40015AF79CAB}.Debug|Any CPU.Build.0 = Debug|Any CPU
		{0C3FB2FD-415F-4E9F-A80A-40015AF79CAB}.Release|Any CPU.ActiveCfg = Release|Any CPU
		{0C3FB2FD-415F-4E9F-A80A-40015AF79CAB}.Release|Any CPU.Build.0 = Release|Any CPU
		{9D7A3FA4-BA24-419C-BB9D-B3AC63774924}.Debug|Any CPU.ActiveCfg = Debug|Any CPU
		{9D7A3FA4-BA24-419C-BB9D-B3AC63774924}.Debug|Any CPU.Build.0 = Debug|Any CPU
		{9D7A3FA4-BA24-419C-BB9D-B3AC63774924}.Release|Any CPU.ActiveCfg = Release|Any CPU
		{9D7A3FA4-BA24-419C-BB9D-B3AC63774924}.Release|Any CPU.Build.0 = Release|Any CPU
		{BD11122F-B231-442A-B0BC-1C048B215970}.Debug|Any CPU.ActiveCfg = Debug|Any CPU
		{BD11122F-B231-442A-B0BC-1C048B215970}.Debug|Any CPU.Build.0 = Debug|Any CPU
		{BD11122F-B231-442A-B0BC-1C048B215970}.Release|Any CPU.ActiveCfg = Release|Any CPU
		{BD11122F-B231-442A-B0BC-1C048B215970}.Release|Any CPU.Build.0 = Release|Any CPU
		{17E7AB21-A7CA-46F8-8C52-6E0835EA8CC2}.Debug|Any CPU.ActiveCfg = Debug|Any CPU
		{17E7AB21-A7CA-46F8-8C52-6E0835EA8CC2}.Debug|Any CPU.Build.0 = Debug|Any CPU
		{17E7AB21-A7CA-46F8-8C52-6E0835EA8CC2}.Release|Any CPU.ActiveCfg = Release|Any CPU
		{17E7AB21-A7CA-46F8-8C52-6E0835EA8CC2}.Release|Any CPU.Build.0 = Release|Any CPU
		{026E7001-352C-47BA-AFAA-EE31B225AF8F}.Debug|Any CPU.ActiveCfg = Debug|Any CPU
		{026E7001-352C-47BA-AFAA-EE31B225AF8F}.Debug|Any CPU.Build.0 = Debug|Any CPU
		{026E7001-352C-47BA-AFAA-EE31B225AF8F}.Release|Any CPU.ActiveCfg = Release|Any CPU
		{026E7001-352C-47BA-AFAA-EE31B225AF8F}.Release|Any CPU.Build.0 = Release|Any CPU
	EndGlobalSection
	GlobalSection(SolutionProperties) = preSolution
		HideSolutionNode = FALSE
	EndGlobalSection
	GlobalSection(NestedProjects) = preSolution
		{DC879D7B-C578-4D56-A531-C1F0FF2D249D} = {0B83243C-42CB-443D-9450-2646B56F7E74}
		{8B0B9B26-66A8-47F3-BC6F-471FD4CB2923} = {ACFD283C-5A37-4420-A4D8-5AFAC8CE747D}
		{0C3FB2FD-415F-4E9F-A80A-40015AF79CAB} = {ACFD283C-5A37-4420-A4D8-5AFAC8CE747D}
		{9D7A3FA4-BA24-419C-BB9D-B3AC63774924} = {ACFD283C-5A37-4420-A4D8-5AFAC8CE747D}
		{0B83243C-42CB-443D-9450-2646B56F7E74} = {84A8E955-EDF1-426B-9030-BB34FFEC2BCB}
		{9A3D402E-86F1-416D-B1C8-8F376869DCA2} = {84A8E955-EDF1-426B-9030-BB34FFEC2BCB}
		{BD11122F-B231-442A-B0BC-1C048B215970} = {ACFD283C-5A37-4420-A4D8-5AFAC8CE747D}
		{17E7AB21-A7CA-46F8-8C52-6E0835EA8CC2} = {0B83243C-42CB-443D-9450-2646B56F7E74}
		{026E7001-352C-47BA-AFAA-EE31B225AF8F} = {0B83243C-42CB-443D-9450-2646B56F7E74}
	EndGlobalSection
	GlobalSection(ExtensibilityGlobals) = postSolution
		SolutionGuid = {B159C21F-694C-46E7-B902-B54FCF6E6256}
	EndGlobalSection
EndGlobal
